{
  "registry": "blamechris/skill-templates",
  "skills": {
    "autonomous-dev-flow": {
      "hash": "8196307",
      "installed": "2026-07-30",
      "targets": ["claude"]
    },
    "catchup": {
      "hash": "3f7f775",
      "installed": "2026-07-30"
    },
    "learn": {
      "hash": "df2de5e",
      "installed": "2026-07-30"
    },
    "prime-directive": {
      "hash": "8196307",
      "installed": "2026-07-30",
      "targets": ["claude"]
    },
    "session-lifecycle": {
      "hash": "8196307",
      "installed": "2026-07-30",
      "targets": ["claude"]
    },
    "skill": {
      "hash": "7b4d37f",
      "installed": "2026-07-30"
    },
    "start-working": {
      "hash": "5df829a",
      "installed": "2026-06-12"
    },
    "tackle-issues": {
      "hash": "8196307",
      "installed": "2026-07-30",
      "targets": ["claude"]
    },
    "tiered-delegation": {
      "hash": "8196307",
      "installed": "2026-07-30",
      "targets": ["claude"]
    },
    "unattended-merge": {
      "hash": "d3cd6f5",
      "installed": "2026-06-10"
    },
    "visual-brief": {
      "hash": "a85c799",
      "installed": "2026-07-30"
    }
  }
}
